
Microsoft Visual Studio Solution File, Format Version 12.00
# Visual Studio Version 16
VisualStudioVersion = 16.0.29201.188
MinimumVisualStudioVersion = 10.0.40219.1
Project("{FAE04EC0-301F-11D3-BF4B-00C04F79EFBC}") = "SudokuSolver", "SudokuSolver\SudokuSolver.csproj", "{A94769FE-6D86-4E68-9338-1E8C9B29A630}"
EndProject
Global
	GlobalSection(SolutionConfigurationPlatforms) = preSolution
		Debug|Any CPU = Debug|Any CPU
		Release|Any CPU = Release|Any CPU
	EndGlobalSection
	GlobalSection(ProjectConfigurationPlatforms) = postSolution
		{A94769FE-6D86-4E68-9338-1E8C9B29A630}.Debug|Any CPU.ActiveCfg = Debug|Any CPU
		{A94769FE-6D86-4E68-9338-1E8C9B29A630}.Debug|Any CPU.Build.0 = Debug|Any CPU
		{A94769FE-6D86-4E68-9338-1E8C9B29A630}.Release|Any CPU.ActiveCfg = Release|Any CPU
		{A94769FE-6D86-4E68-9338-1E8C9B29A630}.Release|Any CPU.Build.0 = Release|Any CPU
	EndGlobalSection
	GlobalSection(SolutionProperties) = preSolution
		HideSolutionNode = FALSE
	EndGlobalSection
	GlobalSection(ExtensibilityGlobals) = postSolution
		SolutionGuid = {51C46A6F-FFF1-4DE1-AF66-63263C8B861B}
	EndGlobalSection
EndGlobal
